Microsoft Visual Studio Solution File, Format Version 12.00
# Visual Studio Version 17
VisualStudioVersion = 17.5.2.0
MinimumVisualStudioVersion = 10.0.40219.1
Project("{FAE04EC0-301F-11D3-BF4B-00C04F79EFBC}") = "PFunP", "PFunP.csproj", "{6F584AC0-1D2A-2F33-7E5B-073975A05C87}"
EndProject
Global
	GlobalSection(SolutionConfigurationPlatforms) = preSolution
		Debug|Any CPU = Debug|Any CPU
		Release|Any CPU = Release|Any CPU
	EndGlobalSection
	GlobalSection(ProjectConfigurationPlatforms) = postSolution
		{6F584AC0-1D2A-2F33-7E5B-073975A05C87}.Debug|Any CPU.ActiveCfg = Debug|Any CPU
		{6F584AC0-1D2A-2F33-7E5B-073975A05C87}.Debug|Any CPU.Build.0 = Debug|Any CPU
		{6F584AC0-1D2A-2F33-7E5B-073975A05C87}.Release|Any CPU.ActiveCfg = Release|Any CPU
		{6F584AC0-1D2A-2F33-7E5B-073975A05C87}.Release|Any CPU.Build.0 = Release|Any CPU
	EndGlobalSection
	GlobalSection(SolutionProperties) = preSolution
		HideSolutionNode = FALSE
	EndGlobalSection
	GlobalSection(ExtensibilityGlobals) = postSolution
		SolutionGuid = {378BDF49-F422-4D93-88C4-96C8FDB7A101}
	EndGlobalSection
EndGlobal
